// !$*UTF8*$!
{
	archiveVersion = 1;
	classes = {
	};
	objectVersion = 50;
	objects = {

/* Begin PBXBuildFile section */
		5AD3795DD1D829DCB63DB8AB /* Pods_TestingTravisTests.framework in Frameworks */ = {isa = PBXBuildFile; fileRef = 1A68F5113F7D68496AAD201D /* Pods_TestingTravisTests.framework */; };
		C5008203223E150C00B45760 /* TestClass2.swift in Sources */ = {isa = PBXBuildFile; fileRef = C5008202223E150C00B45760 /* TestClass2.swift */; };
		C5AC33D322391067007E5ED6 /* AppDelegate.swift in Sources */ = {isa = PBXBuildFile; fileRef = C5AC33D222391067007E5ED6 /* AppDelegate.swift */; };
		C5AC33D522391067007E5ED6 /* ViewController.swift in Sources */ = {isa = PBXBuildFile; fileRef = C5AC33D422391067007E5ED6 /* ViewController.swift */; };
		C5AC33D822391067007E5ED6 /* Main.storyboard in Resources */ = {isa = PBXBuildFile; fileRef = C5AC33D622391067007E5ED6 /* Main.storyboard */; };
		C5AC33DA22391068007E5ED6 /* Assets.xcassets in Resources */ = {isa = PBXBuildFile; fileRef = C5AC33D922391068007E5ED6 /* Assets.xcassets */; };
		C5AC33DD22391068007E5ED6 /* LaunchScreen.storyboard in Resources */ = {isa = PBXBuildFile; fileRef = C5AC33DB22391068007E5ED6 /* LaunchScreen.storyboard */; };
		C5AC33EB223926A3007E5ED6 /* TestingTravisTests.swift in Sources */ = {isa = PBXBuildFile; fileRef = C5AC33EA223926A3007E5ED6 /* TestingTravisTests.swift */; };
		C5AC33F5223A5F53007E5ED6 /* TestClass.swift in Sources */ = {isa = PBXBuildFile; fileRef = C5AC33F4223A5F53007E5ED6 /* TestClass.swift */; };
		FBCF8C13E98C0CAB6FB95C78 /* Pods_TestingTravis.framework in Frameworks */ = {isa = PBXBuildFile; fileRef = D35D3E16EE8CEB49D282C89C /* Pods_TestingTravis.framework */; };
/* End PBXBuildFile section */

/* Begin PBXContainerItemProxy section */
		C5AC33ED223926A3007E5ED6 /* PBXContainerItemProxy */ = {
			isa = PBXContainerItemProxy;
			containerPortal = C5AC33C722391067007E5ED6 /* Project object */;
			proxyType = 1;
			remoteGlobalIDString = C5AC33CE22391067007E5ED6;
			remoteInfo = TestingTravis;
		};
/* End PBXContainerItemProxy section */

/* Begin PBXFileReference section */
		07F0A4431D3FB61A8A2EE758 /* Pods-TestingTravisTests.debug.xcconfig */ = {isa = PBXFileReference; includeInIndex = 1; lastKnownFileType = text.xcconfig; name = "Pods-TestingTravisTests.debug.xcconfig"; path = "Target Support Files/Pods-TestingTravisTests/Pods-TestingTravisTests.debug.xcconfig"; sourceTree = "<group>"; };
		1A68F5113F7D68496AAD201D /* Pods_TestingTravisTests.framework */ = {isa = PBXFileReference; explicitFileType = wrapper.framework; includeInIndex = 0; path = Pods_TestingTravisTests.framework; sourceTree = BUILT_PRODUCTS_DIR; };
		2E25E54384B5E1236CE0D65B /* Pods-TestingTravisTests.release.xcconfig */ = {isa = PBXFileReference; includeInIndex = 1; lastKnownFileType = text.xcconfig; name = "Pods-TestingTravisTests.release.xcconfig"; path = "Target Support Files/Pods-TestingTravisTests/Pods-TestingTravisTests.release.xcconfig"; sourceTree = "<group>"; };
		AEFF330E041E3E2BB5985A6E /* Pods-TestingTravis.debug.xcconfig */ = {isa = PBXFileReference; includeInIndex = 1; lastKnownFileType = text.xcconfig; name = "Pods-TestingTravis.debug.xcconfig"; path = "Target Support Files/Pods-TestingTravis/Pods-TestingTravis.debug.xcconfig"; sourceTree = "<group>"; };
		C5008202223E150C00B45760 /* TestClass2.swift */ = {isa = PBXFileReference; lastKnownFileType = sourcecode.swift; path = TestClass2.swift; sourceTree = "<group>"; };
		C5AC33CF22391067007E5ED6 /* TestingTravis.app */ = {isa = PBXFileReference; explicitFileType = wrapper.application; includeInIndex = 0; path = TestingTravis.app; sourceTree = BUILT_PRODUCTS_DIR; };
		C5AC33D222391067007E5ED6 /* AppDelegate.swift */ = {isa = PBXFileReference; lastKnownFileType = sourcecode.swift; path = AppDelegate.swift; sourceTree = "<group>"; };
		C5AC33D422391067007E5ED6 /* ViewController.swift */ = {isa = PBXFileReference; lastKnownFileType = sourcecode.swift; path = ViewController.swift; sourceTree = "<group>"; };
		C5AC33D722391067007E5ED6 /* Base */ = {isa = PBXFileReference; lastKnownFileType = file.storyboard; name = Base; path = Base.lproj/Main.storyboard; sourceTree = "<group>"; };
		C5AC33D922391068007E5ED6 /* Assets.xcassets */ = {isa = PBXFileReference; lastKnownFileType = folder.assetcatalog; path = Assets.xcassets; sourceTree = "<group>"; };
		C5AC33DC22391068007E5ED6 /* Base */ = {isa = PBXFileReference; lastKnownFileType = file.storyboard; name = Base; path = Base.lproj/LaunchScreen.storyboard; sourceTree = "<group>"; };
		C5AC33DE22391068007E5ED6 /* Info.plist */ = {isa = PBXFileReference; lastKnownFileType = text.plist.xml; path = Info.plist; sourceTree = "<group>"; };
		C5AC33E8223926A3007E5ED6 /* TestingTravisTests.xctest */ = {isa = PBXFileReference; explicitFileType = wrapper.cfbundle; includeInIndex = 0; path = TestingTravisTests.xctest; sourceTree = BUILT_PRODUCTS_DIR; };
		C5AC33EA223926A3007E5ED6 /* TestingTravisTests.swift */ = {isa = PBXFileReference; lastKnownFileType = sourcecode.swift; path = TestingTravisTests.swift; sourceTree = "<group>"; };
		C5AC33EC223926A3007E5ED6 /* Info.plist */ = {isa = PBXFileReference; lastKnownFileType = text.plist.xml; path = Info.plist; sourceTree = "<group>"; };
		C5AC33F4223A5F53007E5ED6 /* TestClass.swift */ = {isa = PBXFileReference; lastKnownFileType = sourcecode.swift; path = TestClass.swift; sourceTree = "<group>"; };
		D35D3E16EE8CEB49D282C89C /* Pods_TestingTravis.framework */ = {isa = PBXFileReference; explicitFileType = wrapper.framework; includeInIndex = 0; path = Pods_TestingTravis.framework; sourceTree = BUILT_PRODUCTS_DIR; };
		FE32931B482F9CDD6A8780AB /* Pods-TestingTravis.release.xcconfig */ = {isa = PBXFileReference; includeInIndex = 1; lastKnownFileType = text.xcconfig; name = "Pods-TestingTravis.release.xcconfig"; path = "Target Support Files/Pods-TestingTravis/Pods-TestingTravis.release.xcconfig"; sourceTree = "<group>"; };
/* End PBXFileReference section */

/* Begin PBXFrameworksBuildPhase section */
		C5AC33CC22391067007E5ED6 /* Frameworks */ = {
			isa = PBXFrameworksBuildPhase;
			buildActionMask = 2147483647;
			files = (
				FBCF8C13E98C0CAB6FB95C78 /* Pods_TestingTravis.framework in Frameworks */,
			);
			runOnlyForDeploymentPostprocessing = 0;
		};
		C5AC33E5223926A3007E5ED6 /* Frameworks */ = {
			isa = PBXFrameworksBuildPhase;
			buildActionMask = 2147483647;
			files = (
				5AD3795DD1D829DCB63DB8AB /* Pods_TestingTravisTests.framework in Frameworks */,
			);
			runOnlyForDeploymentPostprocessing = 0;
		};
/* End PBXFrameworksBuildPhase section */

/* Begin PBXGroup section */
		08B247E96076EBCBB32D2C85 /* Pods */ = {
			isa = PBXGroup;
			children = (
				AEFF330E041E3E2BB5985A6E /* Pods-TestingTravis.debug.xcconfig */,
				FE32931B482F9CDD6A8780AB /* Pods-TestingTravis.release.xcconfig */,
				07F0A4431D3FB61A8A2EE758 /* Pods-TestingTravisTests.debug.xcconfig */,
				2E25E54384B5E1236CE0D65B /* Pods-TestingTravisTests.release.xcconfig */,
			);
			path = Pods;
			sourceTree = "<group>";
		};
		C5AC33C622391067007E5ED6 = {
			isa = PBXGroup;
			children = (
				C5AC33D122391067007E5ED6 /* TestingTravis */,
				C5AC33E9223926A3007E5ED6 /* TestingTravisTests */,
				C5AC33D022391067007E5ED6 /* Products */,
				08B247E96076EBCBB32D2C85 /* Pods */,
				FCAA49C9138F1626E4D471EA /* Frameworks */,
			);
			sourceTree = "<group>";
		};
		C5AC33D022391067007E5ED6 /* Products */ = {
			isa = PBXGroup;
			children = (
				C5AC33CF22391067007E5ED6 /* TestingTravis.app */,
				C5AC33E8223926A3007E5ED6 /* TestingTravisTests.xctest */,
			);
			name = Products;
			sourceTree = "<group>";
		};
		C5AC33D122391067007E5ED6 /* TestingTravis */ = {
			isa = PBXGroup;
			children = (
				C5AC33D222391067007E5ED6 /* AppDelegate.swift */,
				C5AC33D422391067007E5ED6 /* ViewController.swift */,
				C5AC33F4223A5F53007E5ED6 /* TestClass.swift */,
				C5008202223E150C00B45760 /* TestClass2.swift */,
				C5AC33D622391067007E5ED6 /* Main.storyboard */,
				C5AC33D922391068007E5ED6 /* Assets.xcassets */,
				C5AC33DB22391068007E5ED6 /* LaunchScreen.storyboard */,
				C5AC33DE22391068007E5ED6 /* Info.plist */,
			);
			path = TestingTravis;
			sourceTree = "<group>";
		};
		C5AC33E9223926A3007E5ED6 /* TestingTravisTests */ = {
			isa = PBXGroup;
			children = (
				C5AC33EA223926A3007E5ED6 /* TestingTravisTests.swift */,
				C5AC33EC223926A3007E5ED6 /* Info.plist */,
			);
			path = TestingTravisTests;
			sourceTree = "<group>";
		};
		FCAA49C9138F1626E4D471EA /* Frameworks */ = {
			isa = PBXGroup;
			children = (
				D35D3E16EE8CEB49D282C89C /* Pods_TestingTravis.framework */,
				1A68F5113F7D68496AAD201D /* Pods_TestingTravisTests.framework */,
			);
			name = Frameworks;
			sourceTree = "<group>";
		};
/* End PBXGroup section */

/* Begin PBXNativeTarget section */
		C5AC33CE22391067007E5ED6 /* TestingTravis */ = {
			isa = PBXNativeTarget;
			buildConfigurationList = C5AC33E122391068007E5ED6 /* Build configuration list for PBXNativeTarget "TestingTravis" */;
			buildPhases = (
				FAD9D9CAD9BAC7D9648454DB /* [CP] Check Pods Manifest.lock */,
				C5AC33CB22391067007E5ED6 /* Sources */,
				C5AC33CC22391067007E5ED6 /* Frameworks */,
				C5AC33CD22391067007E5ED6 /* Resources */,
				C5AC33F6223A6A7B007E5ED6 /* ShellScript */,
			);
			buildRules = (
			);
			dependencies = (
			);
			name = TestingTravis;
			productName = TestingTravis;
			productReference = C5AC33CF22391067007E5ED6 /* TestingTravis.app */;
			productType = "com.apple.product-type.application";
		};
		C5AC33E7223926A3007E5ED6 /* TestingTravisTests */ = {
			isa = PBXNativeTarget;
			buildConfigurationList = C5AC33EF223926A3007E5ED6 /* Build configuration list for PBXNativeTarget "TestingTravisTests" */;
			buildPhases = (
				E83C0E2D8E0A2459EA81D675 /* [CP] Check Pods Manifest.lock */,
				C5AC33E4223926A3007E5ED6 /* Sources */,
				C5AC33E5223926A3007E5ED6 /* Frameworks */,
				C5AC33E6223926A3007E5ED6 /* Resources */,
			);
			buildRules = (
			);
			dependencies = (
				C5AC33EE223926A3007E5ED6 /* PBXTargetDependency */,
			);
			name = TestingTravisTests;
			productName = TestingTravisTests;
			productReference = C5AC33E8223926A3007E5ED6 /* TestingTravisTests.xctest */;
			productType = "com.apple.product-type.bundle.unit-test";
		};
/* End PBXNativeTarget section */

/* Begin PBXProject section */
		C5AC33C722391067007E5ED6 /* Project object */ = {
			isa = PBXProject;
			attributes = {
				LastSwiftUpdateCheck = 1010;
				LastUpgradeCheck = 1010;
				ORGANIZATIONNAME = tester;
				TargetAttributes = {
					C5AC33CE22391067007E5ED6 = {
						CreatedOnToolsVersion = 10.1;
					};
					C5AC33E7223926A3007E5ED6 = {
						CreatedOnToolsVersion = 10.1;
						TestTargetID = C5AC33CE22391067007E5ED6;
					};
				};
			};
			buildConfigurationList = C5AC33CA22391067007E5ED6 /* Build configuration list for PBXProject "TestingTravis" */;
			compatibilityVersion = "Xcode 9.3";
			developmentRegion = en;
			hasScannedForEncodings = 0;
			knownRegions = (
				en,
				Base,
			);
			mainGroup = C5AC33C622391067007E5ED6;
			productRefGroup = C5AC33D022391067007E5ED6 /* Products */;
			projectDirPath = "";
			projectRoot = "";
			targets = (
				C5AC33CE22391067007E5ED6 /* TestingTravis */,
				C5AC33E7223926A3007E5ED6 /* TestingTravisTests */,
			);
		};
/* End PBXProject section */

/* Begin PBXResourcesBuildPhase section */
		C5AC33CD22391067007E5ED6 /* Resources */ = {
			isa = PBXResourcesBuildPhase;
			buildActionMask = 2147483647;
			files = (
				C5AC33DD22391068007E5ED6 /* LaunchScreen.storyboard in Resources */,
				C5AC33DA22391068007E5ED6 /* Assets.xcassets in Resources */,
				C5AC33D822391067007E5ED6 /* Main.storyboard in Resources */,
			);
			runOnlyForDeploymentPostprocessing = 0;
		};
		C5AC33E6223926A3007E5ED6 /* Resources */ = {
			isa = PBXResourcesBuildPhase;
			buildActionMask = 2147483647;
			files = (
			);
			runOnlyForDeploymentPostprocessing = 0;
		};
/* End PBXResourcesBuildPhase section */

/* Begin PBXShellScriptBuildPhase section */
		C5AC33F6223A6A7B007E5ED6 /* ShellScript */ = {
			isa = PBXShellScriptBuildPhase;
			buildActionMask = 2147483647;
			files = (
			);
			inputFileListPaths = (
			);
			inputPaths = (
			);
			outputFileListPaths = (
			);
			outputPaths = (
			);
			runOnlyForDeploymentPostprocessing = 0;
			shellPath = /bin/sh;
			shellScript = "# Type a script or drag a script file from your workspace to insert its path.\n";
		};
		E83C0E2D8E0A2459EA81D675 /* [CP] Check Pods Manifest.lock */ = {
			isa = PBXShellScriptBuildPhase;
			buildActionMask = 2147483647;
			files = (
			);
			inputFileListPaths = (
			);
			inputPaths = (
				"${PODS_PODFILE_DIR_PATH}/Podfile.lock",
				"${PODS_ROOT}/Manifest.lock",
			);
			name = "[CP] Check Pods Manifest.lock";
			outputFileListPaths = (
			);
			outputPaths = (
				"$(DERIVED_FILE_DIR)/Pods-TestingTravisTests-checkManifestLockResult.txt",
			);
			runOnlyForDeploymentPostprocessing = 0;
			shellPath = /bin/sh;
			shellScript = "diff \"${PODS_PODFILE_DIR_PATH}/Podfile.lock\" \"${PODS_ROOT}/Manifest.lock\" > /dev/null\nif [ $? != 0 ] ; then\n    # print error to STDERR\n    echo \"error: The sandbox is not in sync with the Podfile.lock. Run 'pod install' or update your CocoaPods installation.\" >&2\n    exit 1\nfi\n# This output is used by Xcode 'outputs' to avoid re-running this script phase.\necho \"SUCCESS\" > \"${SCRIPT_OUTPUT_FILE_0}\"\n";
			showEnvVarsInLog = 0;
		};
		FAD9D9CAD9BAC7D9648454DB /* [CP] Check Pods Manifest.lock */ = {
			isa = PBXShellScriptBuildPhase;
			buildActionMask = 2147483647;
			files = (
			);
			inputFileListPaths = (
			);
			inputPaths = (
				"${PODS_PODFILE_DIR_PATH}/Podfile.lock",
				"${PODS_ROOT}/Manifest.lock",
			);
			name = "[CP] Check Pods Manifest.lock";
			outputFileListPaths = (
			);
			outputPaths = (
				"$(DERIVED_FILE_DIR)/Pods-TestingTravis-checkManifestLockResult.txt",
			);
			runOnlyForDeploymentPostprocessing = 0;
			shellPath = /bin/sh;
			shellScript = "diff \"${PODS_PODFILE_DIR_PATH}/Podfile.lock\" \"${PODS_ROOT}/Manifest.lock\" > /dev/null\nif [ $? != 0 ] ; then\n    # print error to STDERR\n    echo \"error: The sandbox is not in sync with the Podfile.lock. Run 'pod install' or update your CocoaPods installation.\" >&2\n    exit 1\nfi\n# This output is used by Xcode 'outputs' to avoid re-running this script phase.\necho \"SUCCESS\" > \"${SCRIPT_OUTPUT_FILE_0}\"\n";
			showEnvVarsInLog = 0;
		};
/* End PBXShellScriptBuildPhase section */

/* Begin PBXSourcesBuildPhase section */
		C5AC33CB22391067007E5ED6 /* Sources */ = {
			isa = PBXSourcesBuildPhase;
			buildActionMask = 2147483647;
			files = (
				C5AC33D522391067007E5ED6 /* ViewController.swift in Sources */,
				C5AC33F5223A5F53007E5ED6 /* TestClass.swift in Sources */,
				C5AC33D322391067007E5ED6 /* AppDelegate.swift in Sources */,
				C5008203223E150C00B45760 /* TestClass2.swift in Sources */,
			);
			runOnlyForDeploymentPostprocessing = 0;
		};
		C5AC33E4223926A3007E5ED6 /* Sources */ = {
			isa = PBXSourcesBuildPhase;
			buildActionMask = 2147483647;
			files = (
				C5AC33EB223926A3007E5ED6 /* TestingTravisTests.swift in Sources */,
			);
			runOnlyForDeploymentPostprocessing = 0;
		};
/* End PBXSourcesBuildPhase section */

/* Begin PBXTargetDependency section */
		C5AC33EE223926A3007E5ED6 /* PBXTargetDependency */ = {
			isa = PBXTargetDependency;
			target = C5AC33CE22391067007E5ED6 /* TestingTravis */;
			targetProxy = C5AC33ED223926A3007E5ED6 /* PBXContainerItemProxy */;
		};
/* End PBXTargetDependency section */

/* Begin PBXVariantGroup section */
		C5AC33D622391067007E5ED6 /* Main.storyboard */ = {
			isa = PBXVariantGroup;
			children = (
				C5AC33D722391067007E5ED6 /* Base */,
			);
			name = Main.storyboard;
			sourceTree = "<group>";
		};
		C5AC33DB22391068007E5ED6 /* LaunchScreen.storyboard */ = {
			isa = PBXVariantGroup;
			children = (
				C5AC33DC22391068007E5ED6 /* Base */,
			);
			name = LaunchScreen.storyboard;
			sourceTree = "<group>";
		};
/* End PBXVariantGroup section */

/* Begin XCBuildConfiguration section */
		C5AC33DF22391068007E5ED6 /* Debug */ = {
			isa = XCBuildConfiguration;
			buildSettings = {
				ALWAYS_SEARCH_USER_PATHS = NO;
				CLANG_ANALYZER_NONNULL = YES;
				CLANG_ANALYZER_NUMBER_OBJECT_CONVERSION = YES_AGGRESSIVE;
				CLANG_CXX_LANGUAGE_STANDARD = "gnu++14";
				CLANG_CXX_LIBRARY = "libc++";
				CLANG_ENABLE_MODULES = YES;
				CLANG_ENABLE_OBJC_ARC = YES;
				CLANG_ENABLE_OBJC_WEAK = YES;
				CLANG_WARN_BLOCK_CAPTURE_AUTORELEASING = YES;
				CLANG_WARN_BOOL_CONVERSION = YES;
				CLANG_WARN_COMMA = YES;
				CLANG_WARN_CONSTANT_CONVERSION = YES;
				CLANG_WARN_DEPRECATED_OBJC_IMPLEMENTATIONS = YES;
				CLANG_WARN_DIRECT_OBJC_ISA_USAGE = YES_ERROR;
				CLANG_WARN_DOCUMENTATION_COMMENTS = YES;
				CLANG_WARN_EMPTY_BODY = YES;
				CLANG_WARN_ENUM_CONVERSION = YES;
				CLANG_WARN_INFINITE_RECURSION = YES;
				CLANG_WARN_INT_CONVERSION = YES;
				CLANG_WARN_NON_LITERAL_NULL_CONVERSION = YES;
				CLANG_WARN_OBJC_IMPLICIT_RETAIN_SELF = YES;
				CLANG_WARN_OBJC_LITERAL_CONVERSION = YES;
				CLANG_WARN_OBJC_ROOT_CLASS = YES_ERROR;
				CLANG_WARN_RANGE_LOOP_ANALYSIS = YES;
				CLANG_WARN_STRICT_PROTOTYPES = YES;
				CLANG_WARN_SUSPICIOUS_MOVE = YES;
				CLANG_WARN_UNGUARDED_AVAILABILITY = YES_AGGRESSIVE;
				CLANG_WARN_UNREACHABLE_CODE = YES;
				CLANG_WARN__DUPLICATE_METHOD_MATCH = YES;
				CODE_SIGN_IDENTITY = "iPhone Developer";
				COPY_PHASE_STRIP = NO;
				DEBUG_INFORMATION_FORMAT = dwarf;
				ENABLE_STRICT_OBJC_MSGSEND = YES;
				ENABLE_TESTABILITY = YES;
				GCC_C_LANGUAGE_STANDARD = gnu11;
				GCC_DYNAMIC_NO_PIC = NO;
				GCC_NO_COMMON_BLOCKS = YES;
				GCC_OPTIMIZATION_LEVEL = 0;
				GCC_PREPROCESSOR_DEFINITIONS = (
					"DEBUG=1",
					"$(inherited)",
				);
				GCC_WARN_64_TO_32_BIT_CONVERSION = YES;
				GCC_WARN_ABOUT_RETURN_TYPE = YES_ERROR;
				GCC_WARN_UNDECLARED_SELECTOR = YES;
				GCC_WARN_UNINITIALIZED_AUTOS = YES_AGGRESSIVE;
				GCC_WARN_UNUSED_FUNCTION = YES;
				GCC_WARN_UNUSED_VARIABLE = YES;
				IPHONEOS_DEPLOYMENT_TARGET = 12.1;
				MTL_ENABLE_DEBUG_INFO = INCLUDE_SOURCE;
				MTL_FAST_MATH = YES;
				ONLY_ACTIVE_ARCH = YES;
				SDKROOT = iphoneos;
				SWIFT_ACTIVE_COMPILATION_CONDITIONS = DEBUG;
				SWIFT_OPTIMIZATION_LEVEL = "-Onone";
			};
			name = Debug;
		};
		C5AC33E022391068007E5ED6 /* Release */ = {
			isa = XCBuildConfiguration;
			buildSettings = {
				ALWAYS_SEARCH_USER_PATHS = NO;
				CLANG_ANALYZER_NONNULL = YES;
				CLANG_ANALYZER_NUMBER_OBJECT_CONVERSION = YES_AGGRESSIVE;
				CLANG_CXX_LANGUAGE_STANDARD = "gnu++14";
				CLANG_CXX_LIBRARY = "libc++";
				CLANG_ENABLE_MODULES = YES;
				CLANG_ENABLE_OBJC_ARC = YES;
				CLANG_ENABLE_OBJC_WEAK = YES;
				CLANG_WARN_BLOCK_CAPTURE_AUTORELEASING = YES;
				CLANG_WARN_BOOL_CONVERSION = YES;
				CLANG_WARN_COMMA = YES;
				CLANG_WARN_CONSTANT_CONVERSION = YES;
				CLANG_WARN_DEPRECATED_OBJC_IMPLEMENTATIONS = YES;
				CLANG_WARN_DIRECT_OBJC_ISA_USAGE = YES_ERROR;
				CLANG_WARN_DOCUMENTATION_COMMENTS = YES;
				CLANG_WARN_EMPTY_BODY = YES;
				CLANG_WARN_ENUM_CONVERSION = YES;
				CLANG_WARN_INFINITE_RECURSION = YES;
				CLANG_WARN_INT_CONVERSION = YES;
				CLANG_WARN_NON_LITERAL_NULL_CONVERSION = YES;
				CLANG_WARN_OBJC_IMPLICIT_RETAIN_SELF = YES;
				CLANG_WARN_OBJC_LITERAL_CONVERSION = YES;
				CLANG_WARN_OBJC_ROOT_CLASS = YES_ERROR;
				CLANG_WARN_RANGE_LOOP_ANALYSIS = YES;
				CLANG_WARN_STRICT_PROTOTYPES = YES;
				CLANG_WARN_SUSPICIOUS_MOVE = YES;
				CLANG_WARN_UNGUARDED_AVAILABILITY = YES_AGGRESSIVE;
				CLANG_WARN_UNREACHABLE_CODE = YES;
				CLANG_WARN__DUPLICATE_METHOD_MATCH = YES;
				CODE_SIGN_IDENTITY = "iPhone Developer";
				COPY_PHASE_STRIP = NO;
				DEBUG_INFORMATION_FORMAT = "dwarf-with-dsym";
				ENABLE_NS_ASSERTIONS = NO;
				ENABLE_STRICT_OBJC_MSGSEND = YES;
				GCC_C_LANGUAGE_STANDARD = gnu11;
				GCC_NO_COMMON_BLOCKS = YES;
				GCC_WARN_64_TO_32_BIT_CONVERSION = YES;
				GCC_WARN_ABOUT_RETURN_TYPE = YES_ERROR;
				GCC_WARN_UNDECLARED_SELECTOR = YES;
				GCC_WARN_UNINITIALIZED_AUTOS = YES_AGGRESSIVE;
				GCC_WARN_UNUSED_FUNCTION = YES;
				GCC_WARN_UNUSED_VARIABLE = YES;
				IPHONEOS_DEPLOYMENT_TARGET = 12.1;
				MTL_ENABLE_DEBUG_INFO = NO;
				MTL_FAST_MATH = YES;
				SDKROOT = iphoneos;
				SWIFT_COMPILATION_MODE = wholemodule;
				SWIFT_OPTIMIZATION_LEVEL = "-O";
				VALIDATE_PRODUCT = YES;
			};
			name = Release;
		};
		C5AC33E222391069007E5ED6 /* Debug */ = {
			isa = XCBuildConfiguration;
			baseConfigurationReference = AEFF330E041E3E2BB5985A6E /* Pods-TestingTravis.debug.xcconfig */;
			buildSettings = {
				ASSETCATALOG_COMPILER_APPICON_NAME = AppIcon;
				CODE_SIGN_STYLE = Automatic;
				DEVELOPMENT_TEAM = B37BDH8ZN7;
				INFOPLIST_FILE = TestingTravis/Info.plist;
				LD_RUNPATH_SEARCH_PATHS = (
					"$(inherited)",
					"@executable_path/Frameworks",
				);
				PRODUCT_BUNDLE_IDENTIFIER = tester.test.TestingTravis;
				PRODUCT_NAME = "$(TARGET_NAME)";
				SWIFT_VERSION = 4.2;
				TARGETED_DEVICE_FAMILY = "1,2";
			};
			name = Debug;
		};
		C5AC33E322391069007E5ED6 /* Release */ = {
			isa = XCBuildConfiguration;
			baseConfigurationReference = FE32931B482F9CDD6A8780AB /* Pods-TestingTravis.release.xcconfig */;
			buildSettings = {
				ASSETCATALOG_COMPILER_APPICON_NAME = AppIcon;
				CODE_SIGN_STYLE = Automatic;
				DEVELOPMENT_TEAM = B37BDH8ZN7;
				INFOPLIST_FILE = TestingTravis/Info.plist;
				LD_RUNPATH_SEARCH_PATHS = (
					"$(inherited)",
					"@executable_path/Frameworks",
				);
				PRODUCT_BUNDLE_IDENTIFIER = tester.test.TestingTravis;
				PRODUCT_NAME = "$(TARGET_NAME)";
				SWIFT_VERSION = 4.2;
				TARGETED_DEVICE_FAMILY = "1,2";
			};
			name = Release;
		};
		C5AC33F0223926A3007E5ED6 /* Debug */ = {
			isa = XCBuildConfiguration;
			baseConfigurationReference = 07F0A4431D3FB61A8A2EE758 /* Pods-TestingTravisTests.debug.xcconfig */;
			buildSettings = {
				BUNDLE_LOADER = "$(TEST_HOST)";
				CODE_SIGN_STYLE = Automatic;
				INFOPLIST_FILE = TestingTravisTests/Info.plist;
				LD_RUNPATH_SEARCH_PATHS = (
					"$(inherited)",
					"@executable_path/Frameworks",
					"@loader_path/Frameworks",
				);
				PRODUCT_BUNDLE_IDENTIFIER = tester.test.TestingTravisTests;
				PRODUCT_NAME = "$(TARGET_NAME)";
				SWIFT_VERSION = 4.2;
				TARGETED_DEVICE_FAMILY = "1,2";
				TEST_HOST = "$(BUILT_PRODUCTS_DIR)/TestingTravis.app/TestingTravis";
			};
			name = Debug;
		};
		C5AC33F1223926A3007E5ED6 /* Release */ = {
			isa = XCBuildConfiguration;
			baseConfigurationReference = 2E25E54384B5E1236CE0D65B /* Pods-TestingTravisTests.release.xcconfig */;
			buildSettings = {
				BUNDLE_LOADER = "$(TEST_HOST)";
				CODE_SIGN_STYLE = Automatic;
				INFOPLIST_FILE = TestingTravisTests/Info.plist;
				LD_RUNPATH_SEARCH_PATHS = (
					"$(inherited)",
					"@executable_path/Frameworks",
					"@loader_path/Frameworks",
				);
				PRODUCT_BUNDLE_IDENTIFIER = tester.test.TestingTravisTests;
				PRODUCT_NAME = "$(TARGET_NAME)";
				SWIFT_VERSION = 4.2;
				TARGETED_DEVICE_FAMILY = "1,2";
				TEST_HOST = "$(BUILT_PRODUCTS_DIR)/TestingTravis.app/TestingTravis";
			};
			name = Release;
		};
/* End XCBuildConfiguration section */

/* Begin XCConfigurationList section */
		C5AC33CA22391067007E5ED6 /* Build configuration list for PBXProject "TestingTravis" */ = {
			isa = XCConfigurationList;
			buildConfigurations = (
				C5AC33DF22391068007E5ED6 /* Debug */,
				C5AC33E022391068007E5ED6 /* Release */,
			);
			defaultConfigurationIsVisible = 0;
			defaultConfigurationName = Release;
		};
		C5AC33E122391068007E5ED6 /* Build configuration list for PBXNativeTarget "TestingTravis" */ = {
			isa = XCConfigurationList;
			buildConfigurations = (
				C5AC33E222391069007E5ED6 /* Debug */,
				C5AC33E322391069007E5ED6 /* Release */,
			);
			defaultConfigurationIsVisible = 0;
			defaultConfigurationName = Release;
		};
		C5AC33EF223926A3007E5ED6 /* Build configuration list for PBXNativeTarget "TestingTravisTests" */ = {
			isa = XCConfigurationList;
			buildConfigurations = (
				C5AC33F0223926A3007E5ED6 /* Debug */,
				C5AC33F1223926A3007E5ED6 /* Release */,
			);
			defaultConfigurationIsVisible = 0;
			defaultConfigurationName = Release;
		};
/* End XCConfigurationList section */
	};
	rootObject = C5AC33C722391067007E5ED6 /* Project object */;
}
